
Microsoft Visual Studio Solution File, Format Version 12.00
# Visual Studio 15
VisualStudioVersion = 15.0.27703.2018
MinimumVisualStudioVersion = 10.0.40219.1
Project("{9A19103F-16F7-4668-BE54-9A1E7A4F7556}") = "Domain", "Domain\Domain.csproj", "{D5679B41-A5B9-462A-83E6-8483D0C1322F}"
EndProject
Project("{9A19103F-16F7-4668-BE54-9A1E7A4F7556}") = "Services", "Services\Services.csproj", "{617E3D48-F5AA-4C84-B0B3-F706260A3E4C}"
EndProject
Project("{9A19103F-16F7-4668-BE54-9A1E7A4F7556}") = "Persistence", "Persistence\Persistence.csproj", "{96877121-D55F-4E9A-9E66-7F70ABC0D49D}"
EndProject
Project("{9A19103F-16F7-4668-BE54-9A1E7A4F7556}") = "Tests", "Tests\Tests.csproj", "{CDBAF82C-6F57-46B5-9F7F-EE970869A321}"
EndProject
Project("{9A19103F-16F7-4668-BE54-9A1E7A4F7556}") = "Frontend", "Frontend\Frontend.csproj", "{53DC93E9-CCBE-48CD-9797-8D5C643B7305}"
EndProject
Global
	GlobalSection(SolutionConfigurationPlatforms) = preSolution
		Debug|Any CPU = Debug|Any CPU
		Release|Any CPU = Release|Any CPU
	EndGlobalSection
	GlobalSection(ProjectConfigurationPlatforms) = postSolution
		{D5679B41-A5B9-462A-83E6-8483D0C1322F}.Debug|Any CPU.ActiveCfg = Debug|Any CPU
		{D5679B41-A5B9-462A-83E6-8483D0C1322F}.Debug|Any CPU.Build.0 = Debug|Any CPU
		{D5679B41-A5B9-462A-83E6-8483D0C1322F}.Release|Any CPU.ActiveCfg = Release|Any CPU
		{D5679B41-A5B9-462A-83E6-8483D0C1322F}.Release|Any CPU.Build.0 = Release|Any CPU
		{617E3D48-F5AA-4C84-B0B3-F706260A3E4C}.Debug|Any CPU.ActiveCfg = Debug|Any CPU
		{617E3D48-F5AA-4C84-B0B3-F706260A3E4C}.Debug|Any CPU.Build.0 = Debug|Any CPU
		{617E3D48-F5AA-4C84-B0B3-F706260A3E4C}.Release|Any CPU.ActiveCfg = Release|Any CPU
		{617E3D48-F5AA-4C84-B0B3-F706260A3E4C}.Release|Any CPU.Build.0 = Release|Any CPU
		{96877121-D55F-4E9A-9E66-7F70ABC0D49D}.Debug|Any CPU.ActiveCfg = Debug|Any CPU
		{96877121-D55F-4E9A-9E66-7F70ABC0D49D}.Debug|Any CPU.Build.0 = Debug|Any CPU
		{96877121-D55F-4E9A-9E66-7F70ABC0D49D}.Release|Any CPU.ActiveCfg = Release|Any CPU
		{96877121-D55F-4E9A-9E66-7F70ABC0D49D}.Release|Any CPU.Build.0 = Release|Any CPU
		{CDBAF82C-6F57-46B5-9F7F-EE970869A321}.Debug|Any CPU.ActiveCfg = Debug|Any CPU
		{CDBAF82C-6F57-46B5-9F7F-EE970869A321}.Debug|Any CPU.Build.0 = Debug|Any CPU
		{CDBAF82C-6F57-46B5-9F7F-EE970869A321}.Release|Any CPU.ActiveCfg = Release|Any CPU
		{CDBAF82C-6F57-46B5-9F7F-EE970869A321}.Release|Any CPU.Build.0 = Release|Any CPU
		{53DC93E9-CCBE-48CD-9797-8D5C643B7305}.Debug|Any CPU.ActiveCfg = Debug|Any CPU
		{53DC93E9-CCBE-48CD-9797-8D5C643B7305}.Debug|Any CPU.Build.0 = Debug|Any CPU
		{53DC93E9-CCBE-48CD-9797-8D5C643B7305}.Release|Any CPU.ActiveCfg = Release|Any CPU
		{53DC93E9-CCBE-48CD-9797-8D5C643B7305}.Release|Any CPU.Build.0 = Release|Any CPU
	EndGlobalSection
	GlobalSection(SolutionProperties) = preSolution
		HideSolutionNode = FALSE
	EndGlobalSection
	GlobalSection(ExtensibilityGlobals) = postSolution
		SolutionGuid = {2490E664-2507-4C05-99CE-4332160CBB68}
	EndGlobalSection
EndGlobal
